
Microsoft Visual Studio Solution File, Format Version 12.00
# Visual Studio Version 16
VisualStudioVersion = 16.0.29123.88
MinimumVisualStudioVersion = 10.0.40219.1
Project("{FAE04EC0-301F-11D3-BF4B-00C04F79EFBC}") = "DesktopApp1", "DesktopApp1.csproj", "{757476B0-D78E-453D-8984-2CA847DB3E37}"
EndProject
Global
	GlobalSection(SolutionConfigurationPlatforms) = preSolution
		Debug|Any CPU = Debug|Any CPU
		Release|Any CPU = Release|Any CPU
	EndGlobalSection
	GlobalSection(ProjectConfigurationPlatforms) = postSolution
		{757476B0-D78E-453D-8984-2CA847DB3E37}.Debug|Any CPU.ActiveCfg = Debug|Any CPU
		{757476B0-D78E-453D-8984-2CA847DB3E37}.Debug|Any CPU.Build.0 = Debug|Any CPU
		{757476B0-D78E-453D-8984-2CA847DB3E37}.Release|Any CPU.ActiveCfg = Release|Any CPU
		{757476B0-D78E-453D-8984-2CA847DB3E37}.Release|Any CPU.Build.0 = Release|Any CPU
	EndGlobalSection
	GlobalSection(SolutionProperties) = preSolution
		HideSolutionNode = FALSE
	EndGlobalSection
	GlobalSection(ExtensibilityGlobals) = postSolution
		SolutionGuid = {D1D2804F-D99D-4DBB-9163-9A52496A8CC2}
	EndGlobalSection
EndGlobal
